
Microsoft Visual Studio Solution File, Format Version 12.00
# Visual Studio Version 17
VisualStudioVersion = 17.0.31912.275
MinimumVisualStudioVersion = 10.0.40219.1
Project("{FAE04EC0-301F-11D3-BF4B-00C04F79EFBC}") = "MaksDiplom", "MaksDiplom\MaksDiplom.csproj", "{7260555E-8103-4915-91C9-973E98A4DD8B}"
EndProject
Global
	GlobalSection(SolutionConfigurationPlatforms) = preSolution
		Debug|Any CPU = Debug|Any CPU
		Release|Any CPU = Release|Any CPU
	EndGlobalSection
	GlobalSection(ProjectConfigurationPlatforms) = postSolution
		{7260555E-8103-4915-91C9-973E98A4DD8B}.Debug|Any CPU.ActiveCfg = Debug|Any CPU
		{7260555E-8103-4915-91C9-973E98A4DD8B}.Debug|Any CPU.Build.0 = Debug|Any CPU
		{7260555E-8103-4915-91C9-973E98A4DD8B}.Release|Any CPU.ActiveCfg = Release|Any CPU
		{7260555E-8103-4915-91C9-973E98A4DD8B}.Release|Any CPU.Build.0 = Release|Any CPU
	EndGlobalSection
	GlobalSection(SolutionProperties) = preSolution
		HideSolutionNode = FALSE
	EndGlobalSection
	GlobalSection(ExtensibilityGlobals) = postSolution
		SolutionGuid = {E170D8CF-C3E3-4DC0-A575-15B52EE4FA77}
	EndGlobalSection
EndGlobal
